version = 1
revision = 3
requires-python = ">=3.11"

[[package]]
name = "async-timeout"
version = "5.0.1"
source = { registry = "https://pypi.org/simple" }
sdist = { url = "https://files.pythonhosted.org/packages/a5/ae/136395dfbfe00dfc94da3f3e136d0b13f394cba8f4841120e34226265780/async_timeout-5.0.1.tar.gz", hash = "sha256:d9321a7a3d5a6a5e187e824d2fa0793ce379a202935782d555d6e9d2735677d3", size = 9274, upload-time = "2024-11-06T16:41:39.6Z" }
wheels = [
    { url = "https://files.pythonhosted.org/packages/fe/ba/e2081de779ca30d473f21f5b30e0e737c438205440784c7dfc81efc2b029/async_timeout-5.0.1-py3-none-any.whl", hash = "sha256:39e3809566ff85354557ec2398b55e096c8364bacac9405a7a1fa429e77fe76c", size = 6233, upload-time = "2024-11-06T16:41:37.9Z" },
]

[[package]]
name = "redis"
version = "7.2.1"
source = { registry = "https://pypi.org/simple" }
dependencies = [
    { name = "async-timeout", marker = "python_full_version < '3.11.3'" },
]
sdist = { url = "https://files.pythonhosted.org/packages/e9/31/1476f206482dd9bc53fdbbe9f6fbd5e05d153f18e54667ce839df331f2e6/redis-7.2.1.tar.gz", hash = "sha256:6163c1a47ee2d9d01221d8456bc1c75ab953cbda18cfbc15e7140e9ba16ca3a5", size = 4906735, upload-time = "2026-02-25T20:05:18.171Z" }
wheels = [
    { url = "https://files.pythonhosted.org/packages/ca/98/1dd1a5c060916cf21d15e67b7d6a7078e26e2605d5c37cbc9f4f5454c478/redis-7.2.1-py3-none-any.whl", hash = "sha256:49e231fbc8df2001436ae5252b3f0f3dc930430239bfeb6da4c7ee92b16e5d33", size = 396057, upload-time = "2026-02-25T20:05:16.533Z" },
]

[[package]]
name = "unitlab-rpi-net-agent"
version = "0.1.0"
source = { editable = "." }
dependencies = [
    { name = "redis" },
]

[package.metadata]
requires-dist = [{ name = "redis", specifier = ">=5.0.0" }]
